
Microsoft Visual Studio Solution File, Format Version 12.00
# Visual Studio 15
Project("{FAE04EC0-301F-11D3-BF4B-00C04F79EFBC}") = "Assembly-CSharp", "Assembly-CSharp.csproj", "{291D0AB7-D971-170A-2421-A80EC46BD274}"
EndProject
Project("{FAE04EC0-301F-11D3-BF4B-00C04F79EFBC}") = "Assembly-CSharp-Editor-firstpass", "Assembly-CSharp-Editor-firstpass.csproj", "{0584A458-25E7-1ADE-5C8D-8646426AD510}"
EndProject
Global
	GlobalSection(SolutionConfigurationPlatforms) = preSolution
		Debug|Any CPU = Debug|Any CPU
		Release|Any CPU = Release|Any CPU
	EndGlobalSection
	GlobalSection(ProjectConfigurationPlatforms) = postSolution
		{291D0AB7-D971-170A-2421-A80EC46BD274}.Debug|Any CPU.ActiveCfg = Debug|Any CPU
		{291D0AB7-D971-170A-2421-A80EC46BD274}.Debug|Any CPU.Build.0 = Debug|Any CPU
		{291D0AB7-D971-170A-2421-A80EC46BD274}.Release|Any CPU.ActiveCfg = Release|Any CPU
		{291D0AB7-D971-170A-2421-A80EC46BD274}.Release|Any CPU.Build.0 = Release|Any CPU
		{0584A458-25E7-1ADE-5C8D-8646426AD510}.Debug|Any CPU.ActiveCfg = Debug|Any CPU
		{0584A458-25E7-1ADE-5C8D-8646426AD510}.Debug|Any CPU.Build.0 = Debug|Any CPU
		{0584A458-25E7-1ADE-5C8D-8646426AD510}.Release|Any CPU.ActiveCfg = Release|Any CPU
		{0584A458-25E7-1ADE-5C8D-8646426AD510}.Release|Any CPU.Build.0 = Release|Any CPU
	EndGlobalSection
	GlobalSection(SolutionProperties) = preSolution
		HideSolutionNode = FALSE
	EndGlobalSection
EndGlobal
