
Microsoft Visual Studio Solution File, Format Version 11.00
# Visual Studio 2010
Project("{FAE04EC0-301F-11D3-BF4B-00C04F79EFBC}") = "Assembly-CSharp", "Assembly-CSharp.csproj", "{CFE204EB-7D4B-9279-D0BB-3325D5DFFBAC}"
EndProject
Global
	GlobalSection(SolutionConfigurationPlatforms) = preSolution
		Debug|Any CPU = Debug|Any CPU
		Release|Any CPU = Release|Any CPU
	EndGlobalSection
	GlobalSection(ProjectConfigurationPlatforms) = postSolution
		{CFE204EB-7D4B-9279-D0BB-3325D5DFFBAC}.Debug|Any CPU.ActiveCfg = Debug|Any CPU
		{CFE204EB-7D4B-9279-D0BB-3325D5DFFBAC}.Debug|Any CPU.Build.0 = Debug|Any CPU
		{CFE204EB-7D4B-9279-D0BB-3325D5DFFBAC}.Release|Any CPU.ActiveCfg = Release|Any CPU
		{CFE204EB-7D4B-9279-D0BB-3325D5DFFBAC}.Release|Any CPU.Build.0 = Release|Any CPU
	EndGlobalSection
	GlobalSection(SolutionProperties) = preSolution
		HideSolutionNode = FALSE
	EndGlobalSection
EndGlobal
